{
  "name": "node-microphone-example",
  "version": "0.0.1",
  "lockfileVersion": 1,
  "requires": true,
  "dependencies": {
    "audio-format": {
      "version": "2.3.2",
      "resolved": "https://registry.npmjs.org/audio-format/-/audio-format-2.3.2.tgz",
      "integrity": "sha512-5IA2grZhaVhpGxX6lbJm8VVh/SKQULMXXrFxuiodi0zhzDPRB8BJfieo89AclEQv4bDxZRH4lv06qNnxqkFhKQ==",
      "requires": {
        "is-audio-buffer": "^1.0.11",
        "is-buffer": "^1.1.5",
        "is-plain-obj": "^1.1.0",
        "pick-by-alias": "^1.2.0",
        "sample-rate": "^2.0.0"
      }
    },
    "bumblebee-hotword-node": {
      "version": "0.0.6",
      "resolved": "https://registry.npmjs.org/bumblebee-hotword-node/-/bumblebee-hotword-node-0.0.6.tgz",
      "integrity": "sha512-x5UySZ2jGTctMoTQdE7UNYBbuA+dIT9RSUn65ZAgG9qrrpV+kjaA1KUjoZmZ9UWKenKym9/uHYNMWp36pPslgQ==",
      "requires": {
        "node-audiorecorder": "^1.4.2",
        "pcm-convert": "^1.6.5"
      }
    },
    "is-audio-buffer": {
      "version": "1.1.0",
      "resolved": "https://registry.npmjs.org/is-audio-buffer/-/is-audio-buffer-1.1.0.tgz",
      "integrity": "sha512-fmPC/dizJmP4ITCsW5oTQGMJ9wZVE+A/zAe6FQo3XwgERxmXHmm3ON5XkWDAxmyxvsrDmWx3NArpSgamp/59AA=="
    },
    "is-buffer": {
      "version": "1.1.6",
      "resolved": "https://registry.npmjs.org/is-buffer/-/is-buffer-1.1.6.tgz",
      "integrity": "sha512-NcdALwpXkTm5Zvvbk7owOUSvVvBKDgKP5/ewfXEznmQFfs4ZRmanOeKBTjRVjka3QFoN6XJ+9F3USqfHqTaU5w=="
    },
    "is-plain-obj": {
      "version": "1.1.0",
      "resolved": "https://registry.npmjs.org/is-plain-obj/-/is-plain-obj-1.1.0.tgz",
      "integrity": "sha1-caUMhCnfync8kqOQpKA7OfzVHT4="
    },
    "node-audiorecorder": {
      "version": "1.4.2",
      "resolved": "https://registry.npmjs.org/node-audiorecorder/-/node-audiorecorder-1.4.2.tgz",
      "integrity": "sha512-Yu6Tyzn6LaKjqXe0lI832OF9CnAEzrgfNz3ofL/zhoHcnAs2DXlDK8GifQTAEA1bA4mMciSsi8nvn8Jye6XCMQ=="
    },
    "object-assign": {
      "version": "4.1.1",
      "resolved": "https://registry.npmjs.org/object-assign/-/object-assign-4.1.1.tgz",
      "integrity": "sha1-IQmtx5ZYh8/AXLvUQsrIv7s2CGM="
    },
    "pcm-convert": {
      "version": "1.6.5",
      "resolved": "https://registry.npmjs.org/pcm-convert/-/pcm-convert-1.6.5.tgz",
      "integrity": "sha512-5CEspU4j8aEQ80AhNbcLfpT0apc93E6endFxahWd4sV70I6PN7LPdz8GoYm/1qr400K9bUVsVA+KxNgbFROZPw==",
      "requires": {
        "audio-format": "^2.3.2",
        "is-audio-buffer": "^1.0.11",
        "is-buffer": "^1.1.5",
        "object-assign": "^4.1.1"
      }
    },
    "pick-by-alias": {
      "version": "1.2.0",
      "resolved": "https://registry.npmjs.org/pick-by-alias/-/pick-by-alias-1.2.0.tgz",
      "integrity": "sha1-X3yysfIabh6ISgyHhVqko3NhEHs="
    },
    "sample-rate": {
      "version": "2.0.1",
      "resolved": "https://registry.npmjs.org/sample-rate/-/sample-rate-2.0.1.tgz",
      "integrity": "sha512-AIK0vVBiAEObmpJOxQu/WCyklnWGqzTSDII4O7nBo+SJHmfgBUiYhgV/Y3Ohz76gfSlU6R5CIAKggj+nAOLSvg=="
    }
  }
}
